
Microsoft Visual Studio Solution File, Format Version 12.00
# Visual Studio Version 17
VisualStudioVersion = 17.4.33110.190
MinimumVisualStudioVersion = 10.0.40219.1
Project("{FAE04EC0-301F-11D3-BF4B-00C04F79EFBC}") = "Ope", "Ope.csproj", "{47FB0EA6-5E08-4441-B671-43DA73E2213F}"
EndProject
Project("{FAE04EC0-301F-11D3-BF4B-00C04F79EFBC}") = "TestProject2", "..\TestProject2\TestProject2.csproj", "{D8B12929-162B-4605-9802-9BD74A90613F}"
EndProject
Global
	GlobalSection(SolutionConfigurationPlatforms) = preSolution
		Debug|Any CPU = Debug|Any CPU
		Release|Any CPU = Release|Any CPU
	EndGlobalSection
	GlobalSection(ProjectConfigurationPlatforms) = postSolution
		{47FB0EA6-5E08-4441-B671-43DA73E2213F}.Debug|Any CPU.ActiveCfg = Debug|Any CPU
		{47FB0EA6-5E08-4441-B671-43DA73E2213F}.Debug|Any CPU.Build.0 = Debug|Any CPU
		{47FB0EA6-5E08-4441-B671-43DA73E2213F}.Release|Any CPU.ActiveCfg = Release|Any CPU
		{47FB0EA6-5E08-4441-B671-43DA73E2213F}.Release|Any CPU.Build.0 = Release|Any CPU
		{D8B12929-162B-4605-9802-9BD74A90613F}.Debug|Any CPU.ActiveCfg = Debug|Any CPU
		{D8B12929-162B-4605-9802-9BD74A90613F}.Debug|Any CPU.Build.0 = Debug|Any CPU
		{D8B12929-162B-4605-9802-9BD74A90613F}.Release|Any CPU.ActiveCfg = Release|Any CPU
		{D8B12929-162B-4605-9802-9BD74A90613F}.Release|Any CPU.Build.0 = Release|Any CPU
	EndGlobalSection
	GlobalSection(SolutionProperties) = preSolution
		HideSolutionNode = FALSE
	EndGlobalSection
	GlobalSection(ExtensibilityGlobals) = postSolution
		SolutionGuid = {BDDB84F7-0086-409D-BEA6-08FD2422D8F9}
	EndGlobalSection
EndGlobal
